{
  "name": "@tschallacka/oc.foundation.base",
  "version": "1.0.7",
  "lockfileVersion": 1,
  "requires": true,
  "dependencies": {
    "@tschallacka/jquery.oc.foundation": {
      "version": "1.0.2",
      "resolved": "https://registry.npmjs.org/@tschallacka/jquery.oc.foundation/-/jquery.oc.foundation-1.0.2.tgz",
      "integrity": "sha512-3Bt81waMNsfJTB7aadgtAfeVCy01uhC7eVYbDNuDv6HCBmgm8Lzmz5H76tyowPr1vUznCt+xymPsOp11he3RTw==",
      "requires": {
        "@tschallacka/oc.foundation": "*",
        "jquery": "*"
      }
    },
    "@tschallacka/jquery.request": {
      "version": "1.0.0",
      "resolved": "https://registry.npmjs.org/@tschallacka/jquery.request/-/jquery.request-1.0.0.tgz",
      "integrity": "sha512-BppUAcj/JIQAuLVGD/maJTWNIPfmSkk86M5C4jaIf2VWdOeFqgahbBexhJTNJslnm97tPgsgtGCQDD5T3cktcw==",
      "requires": {
        "@tschallacka/oc.foundation.request": "*",
        "@tschallacka/parameter_to_object": "*",
        "jquery": "*"
      }
    },
    "@tschallacka/oc.foundation": {
      "version": "1.0.0",
      "resolved": "https://registry.npmjs.org/@tschallacka/oc.foundation/-/oc.foundation-1.0.0.tgz",
      "integrity": "sha512-svFGSxITyqxmlLDghyvbFxL7R/6k31aK6VBEnjjTMJRezGd4dIAeiLJmsUaCCxYza91TtPcHI6iH+7UDVFxowg==",
      "requires": {
        "@tschallacka/oc.foundation.base": "*",
        "@tschallacka/oc.foundation.controlutils": "*",
        "@tschallacka/oc.foundation.dispose_controls": "*",
        "@tschallacka/oc.foundation.element": "*",
        "@tschallacka/oc.foundation.event": "*",
        "@tschallacka/oc.foundation.trigger_render": "*",
        "jquery": "*"
      }
    },
    "@tschallacka/oc.foundation.base": {
      "version": "1.0.4",
      "resolved": "https://registry.npmjs.org/@tschallacka/oc.foundation.base/-/oc.foundation.base-1.0.4.tgz",
      "integrity": "sha512-N0lzDV/tXO+l6z8MnXg1HL9K7M/zEmgaJJb5EQffNHyAPsusVWHZoOzAE23mUTF6hwYgEo5ZPmu8YkzkD6JdpQ==",
      "requires": {
        "@tschallacka/jquery.oc.foundation": "*",
        "@tschallacka/jquery.request": "*",
        "@tschallacka/oc.foundation.controlutils": "*",
        "jquery": "*"
      }
    },
    "@tschallacka/oc.foundation.controlutils": {
      "version": "1.0.3",
      "resolved": "https://registry.npmjs.org/@tschallacka/oc.foundation.controlutils/-/oc.foundation.controlutils-1.0.3.tgz",
      "integrity": "sha512-hFa2o0HPpxJ8LXurGtdtaWKlb5eDVhVyCZhg14ko/K93VUJGP/ci5L5kkTEadDNvHpXvkWMuKYR1JyoJ/eWz6A==",
      "requires": {
        "jquery": "*"
      }
    },
    "@tschallacka/oc.foundation.dispose_controls": {
      "version": "1.0.0",
      "resolved": "https://registry.npmjs.org/@tschallacka/oc.foundation.dispose_controls/-/oc.foundation.dispose_controls-1.0.0.tgz",
      "integrity": "sha512-rJ8ZrpIexh9TITyF0ag5qaET7D73KBgHiRT4YDOyLGD8Xp5oUcPdxiMwWNv2mksPMycBZyA/VUCYcRFwOXf3vg==",
      "requires": {
        "@tschallacka/oc.foundation.controlutils": "*",
        "jquery": "*"
      }
    },
    "@tschallacka/oc.foundation.element": {
      "version": "1.0.0",
      "resolved": "https://registry.npmjs.org/@tschallacka/oc.foundation.element/-/oc.foundation.element-1.0.0.tgz",
      "integrity": "sha512-PrOaWqpcBUp8DpHoBEGYwQTOoPI7hqzpUrCH48ZQBLrIEB7jomYYrZz6LfwmKuCrbLwwWalAk6k1xoJBpMcU0w=="
    },
    "@tschallacka/oc.foundation.event": {
      "version": "1.0.0",
      "resolved": "https://registry.npmjs.org/@tschallacka/oc.foundation.event/-/oc.foundation.event-1.0.0.tgz",
      "integrity": "sha512-tNyetWBclLYYAgmH4C1D8S5mfexKz9VKnVUSUa5IuRAar6T2wZ9eZz+aNRUEpQVZXmy3ZTFvsUKfPAAFjIZr4g=="
    },
    "@tschallacka/oc.foundation.request": {
      "version": "1.0.0",
      "resolved": "https://registry.npmjs.org/@tschallacka/oc.foundation.request/-/oc.foundation.request-1.0.0.tgz",
      "integrity": "sha512-hchozYSHfVKmAVVsyfhKwb/4RIN+vRz6G9YM7lSNt8qe6kzD0HUwWuXLR6/Pv2FDs8Cn/Q0XbcBQwk1GZUH55A==",
      "requires": {
        "jquery": "*"
      }
    },
    "@tschallacka/oc.foundation.trigger_render": {
      "version": "1.0.0",
      "resolved": "https://registry.npmjs.org/@tschallacka/oc.foundation.trigger_render/-/oc.foundation.trigger_render-1.0.0.tgz",
      "integrity": "sha512-pCC9h/AVPCxh1ON/lwYb9jh6axLpibJTeL8IgO8R9fwmr1XtdlR/Wl8xMxcGRLTwt2g/CapNu9wbVaKmwjG8FA==",
      "requires": {
        "jquery": "*"
      }
    },
    "@tschallacka/parameter_to_object": {
      "version": "1.0.0",
      "resolved": "https://registry.npmjs.org/@tschallacka/parameter_to_object/-/parameter_to_object-1.0.0.tgz",
      "integrity": "sha512-CoG92ao5bhF+bsF8fuNKtXliG/sKg4UULsCqpJNw+IYj7IrHHyRzsaSq/oWYZe3d0FZbst1m/TbpmZd8m8Eobw=="
    },
    "jquery": {
      "version": "3.5.0",
      "resolved": "https://registry.npmjs.org/jquery/-/jquery-3.5.0.tgz",
      "integrity": "sha512-Xb7SVYMvygPxbFMpTFQiHh1J7HClEaThguL15N/Gg37Lri/qKyhRGZYzHRyLH8Stq3Aow0LsHO2O2ci86fCrNQ=="
    }
  }
}
